
Microsoft Visual Studio Solution File, Format Version 12.00
# Visual Studio Version 17
VisualStudioVersion = 17.14.36518.9 d17.14
MinimumVisualStudioVersion = 10.0.40219.1
Project("{FAE04EC0-301F-11D3-BF4B-00C04F79EFBC}") = "CarRent_ConsolApp_with_XML_data_storage", "CarRent_ConsolApp_with_XML_data_storage.csproj", "{D8A7FD72-AA3F-40F5-8FC6-2F139F2484C5}"
EndProject
Global
	GlobalSection(SolutionConfigurationPlatforms) = preSolution
		Debug|Any CPU = Debug|Any CPU
		Release|Any CPU = Release|Any CPU
	EndGlobalSection
	GlobalSection(ProjectConfigurationPlatforms) = postSolution
		{D8A7FD72-AA3F-40F5-8FC6-2F139F2484C5}.Debug|Any CPU.ActiveCfg = Debug|Any CPU
		{D8A7FD72-AA3F-40F5-8FC6-2F139F2484C5}.Debug|Any CPU.Build.0 = Debug|Any CPU
		{D8A7FD72-AA3F-40F5-8FC6-2F139F2484C5}.Release|Any CPU.ActiveCfg = Release|Any CPU
		{D8A7FD72-AA3F-40F5-8FC6-2F139F2484C5}.Release|Any CPU.Build.0 = Release|Any CPU
	EndGlobalSection
	GlobalSection(SolutionProperties) = preSolution
		HideSolutionNode = FALSE
	EndGlobalSection
	GlobalSection(ExtensibilityGlobals) = postSolution
		SolutionGuid = {8FC78E61-50EC-419C-9802-A43712E085CA}
	EndGlobalSection
EndGlobal
